
Microsoft Visual Studio Solution File, Format Version 12.00
# Visual Studio Version 17
VisualStudioVersion = 17.11.35222.181
MinimumVisualStudioVersion = 10.0.40219.1
Project("{2150E333-8FDC-42A3-9474-1A3956D46DE8}") = "Services", "Services", "{3D056ACF-10F5-4E60-87D0-3E92CD3CE44F}"
EndProject
Project("{2150E333-8FDC-42A3-9474-1A3956D46DE8}") = "Catalog", "Catalog", "{C8F3956F-525D-421C-AC62-408C38C3EA89}"
EndProject
Project("{9A19103F-16F7-4668-BE54-9A1E7A4F7556}") = "Catalog.API", "src\Services\Catalog\Catalog.API\Catalog.API.csproj", "{61EE3243-F392-469C-88A8-E78BCA27683A}"
EndProject
Project("{2150E333-8FDC-42A3-9474-1A3956D46DE8}") = "Shared", "Shared", "{D7469677-794C-4908-9FDA-75E20BFFA9F4}"
EndProject
Project("{9A19103F-16F7-4668-BE54-9A1E7A4F7556}") = "Shared", "src\Shared\Shared\Shared.csproj", "{86CEE8C8-BF26-44E5-BAD9-D07E42DB0E61}"
EndProject
Project("{E53339B2-1760-4266-BCC7-CA923CBCF16C}") = "docker-compose", "docker-compose.dcproj", "{D45ACDBC-8D98-45BC-BF9F-150BCF00D298}"
EndProject
Project("{2150E333-8FDC-42A3-9474-1A3956D46DE8}") = "Basket", "Basket", "{E6157449-65FC-4517-AD75-3C201B739FE8}"
EndProject
Project("{FAE04EC0-301F-11D3-BF4B-00C04F79EFBC}") = "Basket.API", "src\Services\Basket\Basket.API\Basket.API.csproj", "{051E818C-48B8-4F07-846C-4B9A0FAEB109}"
EndProject
Global
	GlobalSection(SolutionConfigurationPlatforms) = preSolution
		Debug|Any CPU = Debug|Any CPU
		Release|Any CPU = Release|Any CPU
	EndGlobalSection
	GlobalSection(ProjectConfigurationPlatforms) = postSolution
		{61EE3243-F392-469C-88A8-E78BCA27683A}.Debug|Any CPU.ActiveCfg = Debug|Any CPU
		{61EE3243-F392-469C-88A8-E78BCA27683A}.Debug|Any CPU.Build.0 = Debug|Any CPU
		{61EE3243-F392-469C-88A8-E78BCA27683A}.Release|Any CPU.ActiveCfg = Release|Any CPU
		{61EE3243-F392-469C-88A8-E78BCA27683A}.Release|Any CPU.Build.0 = Release|Any CPU
		{86CEE8C8-BF26-44E5-BAD9-D07E42DB0E61}.Debug|Any CPU.ActiveCfg = Debug|Any CPU
		{86CEE8C8-BF26-44E5-BAD9-D07E42DB0E61}.Debug|Any CPU.Build.0 = Debug|Any CPU
		{86CEE8C8-BF26-44E5-BAD9-D07E42DB0E61}.Release|Any CPU.ActiveCfg = Release|Any CPU
		{86CEE8C8-BF26-44E5-BAD9-D07E42DB0E61}.Release|Any CPU.Build.0 = Release|Any CPU
		{D45ACDBC-8D98-45BC-BF9F-150BCF00D298}.Debug|Any CPU.ActiveCfg = Debug|Any CPU
		{D45ACDBC-8D98-45BC-BF9F-150BCF00D298}.Debug|Any CPU.Build.0 = Debug|Any CPU
		{D45ACDBC-8D98-45BC-BF9F-150BCF00D298}.Release|Any CPU.ActiveCfg = Release|Any CPU
		{D45ACDBC-8D98-45BC-BF9F-150BCF00D298}.Release|Any CPU.Build.0 = Release|Any CPU
		{051E818C-48B8-4F07-846C-4B9A0FAEB109}.Debug|Any CPU.ActiveCfg = Debug|Any CPU
		{051E818C-48B8-4F07-846C-4B9A0FAEB109}.Debug|Any CPU.Build.0 = Debug|Any CPU
		{051E818C-48B8-4F07-846C-4B9A0FAEB109}.Release|Any CPU.ActiveCfg = Release|Any CPU
		{051E818C-48B8-4F07-846C-4B9A0FAEB109}.Release|Any CPU.Build.0 = Release|Any CPU
	EndGlobalSection
	GlobalSection(SolutionProperties) = preSolution
		HideSolutionNode = FALSE
	EndGlobalSection
	GlobalSection(NestedProjects) = preSolution
		{C8F3956F-525D-421C-AC62-408C38C3EA89} = {3D056ACF-10F5-4E60-87D0-3E92CD3CE44F}
		{61EE3243-F392-469C-88A8-E78BCA27683A} = {C8F3956F-525D-421C-AC62-408C38C3EA89}
		{86CEE8C8-BF26-44E5-BAD9-D07E42DB0E61} = {D7469677-794C-4908-9FDA-75E20BFFA9F4}
		{E6157449-65FC-4517-AD75-3C201B739FE8} = {3D056ACF-10F5-4E60-87D0-3E92CD3CE44F}
		{051E818C-48B8-4F07-846C-4B9A0FAEB109} = {E6157449-65FC-4517-AD75-3C201B739FE8}
	EndGlobalSection
	GlobalSection(ExtensibilityGlobals) = postSolution
		SolutionGuid = {20DEEF5B-FE2F-4B23-82BB-050FFF48F380}
	EndGlobalSection
EndGlobal
